
Microsoft Visual Studio Solution File, Format Version 12.00
# Visual Studio Version 17
VisualStudioVersion = 17.0.31903.59
MinimumVisualStudioVersion = 10.0.40219.1
Project("{2150E333-8FDC-42A3-9474-1A3956D46DE8}") = "src", "src", "{2E7D2B3E-3138-44BD-AFCD-34DCF0392E8C}"
EndProject
Project("{9A19103F-16F7-4668-BE54-9A1E7A4F7556}") = "Gradeflex.Data", "src\Gradeflex.Data\Gradeflex.Data.csproj", "{C41D72D6-DB06-4F04-A404-3EFC9007F42A}"
EndProject
Project("{9A19103F-16F7-4668-BE54-9A1E7A4F7556}") = "Gradeflex", "src\Gradeflex\Gradeflex.csproj", "{7A4DCFE5-793E-4891-B6A1-3CCC48CCC05B}"
EndProject
Global
	GlobalSection(SolutionConfigurationPlatforms) = preSolution
		Debug|Any CPU = Debug|Any CPU
		Release|Any CPU = Release|Any CPU
	EndGlobalSection
	GlobalSection(ProjectConfigurationPlatforms) = postSolution
		{C41D72D6-DB06-4F04-A404-3EFC9007F42A}.Debug|Any CPU.ActiveCfg = Debug|Any CPU
		{C41D72D6-DB06-4F04-A404-3EFC9007F42A}.Debug|Any CPU.Build.0 = Debug|Any CPU
		{C41D72D6-DB06-4F04-A404-3EFC9007F42A}.Release|Any CPU.ActiveCfg = Release|Any CPU
		{C41D72D6-DB06-4F04-A404-3EFC9007F42A}.Release|Any CPU.Build.0 = Release|Any CPU
		{7A4DCFE5-793E-4891-B6A1-3CCC48CCC05B}.Debug|Any CPU.ActiveCfg = Debug|Any CPU
		{7A4DCFE5-793E-4891-B6A1-3CCC48CCC05B}.Debug|Any CPU.Build.0 = Debug|Any CPU
		{7A4DCFE5-793E-4891-B6A1-3CCC48CCC05B}.Release|Any CPU.ActiveCfg = Release|Any CPU
		{7A4DCFE5-793E-4891-B6A1-3CCC48CCC05B}.Release|Any CPU.Build.0 = Release|Any CPU
	EndGlobalSection
	GlobalSection(SolutionProperties) = preSolution
		HideSolutionNode = FALSE
	EndGlobalSection
	GlobalSection(NestedProjects) = preSolution
		{C41D72D6-DB06-4F04-A404-3EFC9007F42A} = {2E7D2B3E-3138-44BD-AFCD-34DCF0392E8C}
		{7A4DCFE5-793E-4891-B6A1-3CCC48CCC05B} = {2E7D2B3E-3138-44BD-AFCD-34DCF0392E8C}
	EndGlobalSection
	GlobalSection(ExtensibilityGlobals) = postSolution
		SolutionGuid = {9D03C2DA-E79A-4C58-82DB-59DDC48F2686}
	EndGlobalSection
EndGlobal
